// !$*UTF8*$!
{
	archiveVersion = 1;
	classes = {
	};
	objectVersion = 50;
	objects = {

/* Begin PBXBuildFile section */
		74977135FD5BCA77E3DC4AC0 /* Pods_MovieDBApiTask.framework in Frameworks */ = {isa = PBXBuildFile; fileRef = 50C34048214FBC57F0032E00 /* Pods_MovieDBApiTask.framework */; };
		7E13580F2254AC190033FD46 /* Movie.swift in Sources */ = {isa = PBXBuildFile; fileRef = 7E13580E2254AC190033FD46 /* Movie.swift */; };
		7E1358112254F5830033FD46 /* PopularVC+TableView.swift in Sources */ = {isa = PBXBuildFile; fileRef = 7E1358102254F5830033FD46 /* PopularVC+TableView.swift */; };
		7E1670D62254A62B00525ADE /* Constants.swift in Sources */ = {isa = PBXBuildFile; fileRef = 7E1670D52254A62B00525ADE /* Constants.swift */; };
		7E1670DB2254A64800525ADE /* UIView.swift in Sources */ = {isa = PBXBuildFile; fileRef = 7E1670DA2254A64800525ADE /* UIView.swift */; };
		7E1670DE2254A65C00525ADE /* ActorCell.swift in Sources */ = {isa = PBXBuildFile; fileRef = 7E1670DD2254A65C00525ADE /* ActorCell.swift */; };
		7E1670E12254A67600525ADE /* PopularVC.swift in Sources */ = {isa = PBXBuildFile; fileRef = 7E1670E02254A67600525ADE /* PopularVC.swift */; };
		7E1670E32254A68100525ADE /* CellIDS.swift in Sources */ = {isa = PBXBuildFile; fileRef = 7E1670E22254A68100525ADE /* CellIDS.swift */; };
		7EDD94802223FA3E0005B7B9 /* AppDelegate.swift in Sources */ = {isa = PBXBuildFile; fileRef = 7EDD947F2223FA3E0005B7B9 /* AppDelegate.swift */; };
		7EDD94822223FA3E0005B7B9 /* ViewController.swift in Sources */ = {isa = PBXBuildFile; fileRef = 7EDD94812223FA3E0005B7B9 /* ViewController.swift */; };
		7EDD94852223FA3E0005B7B9 /* Main.storyboard in Resources */ = {isa = PBXBuildFile; fileRef = 7EDD94832223FA3E0005B7B9 /* Main.storyboard */; };
		7EDD94872223FA3F0005B7B9 /* Assets.xcassets in Resources */ = {isa = PBXBuildFile; fileRef = 7EDD94862223FA3F0005B7B9 /* Assets.xcassets */; };
		7EDD948A2223FA3F0005B7B9 /* LaunchScreen.storyboard in Resources */ = {isa = PBXBuildFile; fileRef = 7EDD94882223FA3F0005B7B9 /* LaunchScreen.storyboard */; };
/* End PBXBuildFile section */

/* Begin PBXFileReference section */
		1B7CCD8C8CD38EB036EF0AF6 /* Pods_PayPalTest.framework */ = {isa = PBXFileReference; explicitFileType = wrapper.framework; includeInIndex = 0; path = Pods_PayPalTest.framework; sourceTree = BUILT_PRODUCTS_DIR; };
		50C34048214FBC57F0032E00 /* Pods_MovieDBApiTask.framework */ = {isa = PBXFileReference; explicitFileType = wrapper.framework; includeInIndex = 0; path = Pods_MovieDBApiTask.framework; sourceTree = BUILT_PRODUCTS_DIR; };
		7E13580E2254AC190033FD46 /* Movie.swift */ = {isa = PBXFileReference; lastKnownFileType = sourcecode.swift; path = Movie.swift; sourceTree = "<group>"; };
		7E1358102254F5830033FD46 /* PopularVC+TableView.swift */ = {isa = PBXFileReference; lastKnownFileType = sourcecode.swift; path = "PopularVC+TableView.swift"; sourceTree = "<group>"; };
		7E1670D52254A62B00525ADE /* Constants.swift */ = {isa = PBXFileReference; fileEncoding = 4; lastKnownFileType = sourcecode.swift; path = Constants.swift; sourceTree = "<group>"; };
		7E1670DA2254A64800525ADE /* UIView.swift */ = {isa = PBXFileReference; fileEncoding = 4; lastKnownFileType = sourcecode.swift; path = UIView.swift; sourceTree = "<group>"; };
		7E1670DD2254A65C00525ADE /* ActorCell.swift */ = {isa = PBXFileReference; fileEncoding = 4; lastKnownFileType = sourcecode.swift; path = ActorCell.swift; sourceTree = "<group>"; };
		7E1670E02254A67600525ADE /* PopularVC.swift */ = {isa = PBXFileReference; fileEncoding = 4; lastKnownFileType = sourcecode.swift; path = PopularVC.swift; sourceTree = "<group>"; };
		7E1670E22254A68100525ADE /* CellIDS.swift */ = {isa = PBXFileReference; fileEncoding = 4; lastKnownFileType = sourcecode.swift; path = CellIDS.swift; sourceTree = "<group>"; };
		7EDD947C2223FA3E0005B7B9 /* MovieDBApiTask.app */ = {isa = PBXFileReference; explicitFileType = wrapper.application; includeInIndex = 0; path = MovieDBApiTask.app; sourceTree = BUILT_PRODUCTS_DIR; };
		7EDD947F2223FA3E0005B7B9 /* AppDelegate.swift */ = {isa = PBXFileReference; lastKnownFileType = sourcecode.swift; path = AppDelegate.swift; sourceTree = "<group>"; };
		7EDD94812223FA3E0005B7B9 /* ViewController.swift */ = {isa = PBXFileReference; lastKnownFileType = sourcecode.swift; path = ViewController.swift; sourceTree = "<group>"; };
		7EDD94842223FA3E0005B7B9 /* Base */ = {isa = PBXFileReference; lastKnownFileType = file.storyboard; name = Base; path = Base.lproj/Main.storyboard; sourceTree = "<group>"; };
		7EDD94862223FA3F0005B7B9 /* Assets.xcassets */ = {isa = PBXFileReference; lastKnownFileType = folder.assetcatalog; path = Assets.xcassets; sourceTree = "<group>"; };
		7EDD94892223FA3F0005B7B9 /* Base */ = {isa = PBXFileReference; lastKnownFileType = file.storyboard; name = Base; path = Base.lproj/LaunchScreen.storyboard; sourceTree = "<group>"; };
		7EDD948B2223FA3F0005B7B9 /* Info.plist */ = {isa = PBXFileReference; lastKnownFileType = text.plist.xml; path = Info.plist; sourceTree = "<group>"; };
		8EACB6CA7BB0D6FB06876E3E /* Pods-PayPalTest.release.xcconfig */ = {isa = PBXFileReference; includeInIndex = 1; lastKnownFileType = text.xcconfig; name = "Pods-PayPalTest.release.xcconfig"; path = "Pods/Target Support Files/Pods-PayPalTest/Pods-PayPalTest.release.xcconfig"; sourceTree = "<group>"; };
		BADE199BAB58533E7DE2905C /* Pods-PayPalTest.debug.xcconfig */ = {isa = PBXFileReference; includeInIndex = 1; lastKnownFileType = text.xcconfig; name = "Pods-PayPalTest.debug.xcconfig"; path = "Pods/Target Support Files/Pods-PayPalTest/Pods-PayPalTest.debug.xcconfig"; sourceTree = "<group>"; };
		F6E07746C2B63797BF0DB907 /* Pods-MovieDBApiTask.release.xcconfig */ = {isa = PBXFileReference; includeInIndex = 1; lastKnownFileType = text.xcconfig; name = "Pods-MovieDBApiTask.release.xcconfig"; path = "Pods/Target Support Files/Pods-MovieDBApiTask/Pods-MovieDBApiTask.release.xcconfig"; sourceTree = "<group>"; };
		FEEB551FF87682ABADDFAFC6 /* Pods-MovieDBApiTask.debug.xcconfig */ = {isa = PBXFileReference; includeInIndex = 1; lastKnownFileType = text.xcconfig; name = "Pods-MovieDBApiTask.debug.xcconfig"; path = "Pods/Target Support Files/Pods-MovieDBApiTask/Pods-MovieDBApiTask.debug.xcconfig"; sourceTree = "<group>"; };
/* End PBXFileReference section */

/* Begin PBXFrameworksBuildPhase section */
		7EDD94792223FA3E0005B7B9 /* Frameworks */ = {
			isa = PBXFrameworksBuildPhase;
			buildActionMask = 2147483647;
			files = (
				74977135FD5BCA77E3DC4AC0 /* Pods_MovieDBApiTask.framework in Frameworks */,
			);
			runOnlyForDeploymentPostprocessing = 0;
		};
/* End PBXFrameworksBuildPhase section */

/* Begin PBXGroup section */
		35DB5A65BFD5B26D0F391B8C /* Pods */ = {
			isa = PBXGroup;
			children = (
				BADE199BAB58533E7DE2905C /* Pods-PayPalTest.debug.xcconfig */,
				8EACB6CA7BB0D6FB06876E3E /* Pods-PayPalTest.release.xcconfig */,
				FEEB551FF87682ABADDFAFC6 /* Pods-MovieDBApiTask.debug.xcconfig */,
				F6E07746C2B63797BF0DB907 /* Pods-MovieDBApiTask.release.xcconfig */,
			);
			name = Pods;
			sourceTree = "<group>";
		};
		7E13580D2254AC0D0033FD46 /* Model */ = {
			isa = PBXGroup;
			children = (
				7E13580E2254AC190033FD46 /* Movie.swift */,
			);
			path = Model;
			sourceTree = "<group>";
		};
		7E1670D42254A5EE00525ADE /* Utilities */ = {
			isa = PBXGroup;
			children = (
				7E1670D52254A62B00525ADE /* Constants.swift */,
				7E1670E22254A68100525ADE /* CellIDS.swift */,
			);
			path = Utilities;
			sourceTree = "<group>";
		};
		7E1670D92254A63F00525ADE /* Extensions */ = {
			isa = PBXGroup;
			children = (
				7E1670DA2254A64800525ADE /* UIView.swift */,
			);
			path = Extensions;
			sourceTree = "<group>";
		};
		7E1670DC2254A65300525ADE /* Cells */ = {
			isa = PBXGroup;
			children = (
				7E1670DD2254A65C00525ADE /* ActorCell.swift */,
			);
			path = Cells;
			sourceTree = "<group>";
		};
		7E1670DF2254A66A00525ADE /* Controller */ = {
			isa = PBXGroup;
			children = (
				7E1670E02254A67600525ADE /* PopularVC.swift */,
				7E1358102254F5830033FD46 /* PopularVC+TableView.swift */,
			);
			path = Controller;
			sourceTree = "<group>";
		};
		7EDD94732223FA3E0005B7B9 = {
			isa = PBXGroup;
			children = (
				7EDD947E2223FA3E0005B7B9 /* MovieDBAPITask */,
				7EDD947D2223FA3E0005B7B9 /* Products */,
				35DB5A65BFD5B26D0F391B8C /* Pods */,
				AF9F66FED7875AE0A1BFFB43 /* Frameworks */,
			);
			sourceTree = "<group>";
		};
		7EDD947D2223FA3E0005B7B9 /* Products */ = {
			isa = PBXGroup;
			children = (
				7EDD947C2223FA3E0005B7B9 /* MovieDBApiTask.app */,
			);
			name = Products;
			sourceTree = "<group>";
		};
		7EDD947E2223FA3E0005B7B9 /* MovieDBAPITask */ = {
			isa = PBXGroup;
			children = (
				7E13580D2254AC0D0033FD46 /* Model */,
				7E1670DF2254A66A00525ADE /* Controller */,
				7E1670DC2254A65300525ADE /* Cells */,
				7E1670D92254A63F00525ADE /* Extensions */,
				7E1670D42254A5EE00525ADE /* Utilities */,
				7EDD947F2223FA3E0005B7B9 /* AppDelegate.swift */,
				7EDD94812223FA3E0005B7B9 /* ViewController.swift */,
				7EDD94832223FA3E0005B7B9 /* Main.storyboard */,
				7EDD94862223FA3F0005B7B9 /* Assets.xcassets */,
				7EDD94882223FA3F0005B7B9 /* LaunchScreen.storyboard */,
				7EDD948B2223FA3F0005B7B9 /* Info.plist */,
			);
			path = MovieDBAPITask;
			sourceTree = "<group>";
		};
		AF9F66FED7875AE0A1BFFB43 /* Frameworks */ = {
			isa = PBXGroup;
			children = (
				1B7CCD8C8CD38EB036EF0AF6 /* Pods_PayPalTest.framework */,
				50C34048214FBC57F0032E00 /* Pods_MovieDBApiTask.framework */,
			);
			name = Frameworks;
			sourceTree = "<group>";
		};
/* End PBXGroup section */

/* Begin PBXNativeTarget section */
		7EDD947B2223FA3E0005B7B9 /* MovieDBApiTask */ = {
			isa = PBXNativeTarget;
			buildConfigurationList = 7EDD948E2223FA3F0005B7B9 /* Build configuration list for PBXNativeTarget "MovieDBApiTask" */;
			buildPhases = (
				5F0B961B45B43B3483C93FE4 /* [CP] Check Pods Manifest.lock */,
				7EDD94782223FA3E0005B7B9 /* Sources */,
				7EDD94792223FA3E0005B7B9 /* Frameworks */,
				7EDD947A2223FA3E0005B7B9 /* Resources */,
				34136009575B2030146BD2C4 /* [CP] Embed Pods Frameworks */,
			);
			buildRules = (
			);
			dependencies = (
			);
			name = MovieDBApiTask;
			productName = PayPalTest;
			productReference = 7EDD947C2223FA3E0005B7B9 /* MovieDBApiTask.app */;
			productType = "com.apple.product-type.application";
		};
/* End PBXNativeTarget section */

/* Begin PBXProject section */
		7EDD94742223FA3E0005B7B9 /* Project object */ = {
			isa = PBXProject;
			attributes = {
				LastSwiftUpdateCheck = 1010;
				LastUpgradeCheck = 1010;
				ORGANIZATIONNAME = "Sherif  Wagih";
				TargetAttributes = {
					7EDD947B2223FA3E0005B7B9 = {
						CreatedOnToolsVersion = 10.1;
					};
				};
			};
			buildConfigurationList = 7EDD94772223FA3E0005B7B9 /* Build configuration list for PBXProject "MovieDBApiTask" */;
			compatibilityVersion = "Xcode 9.3";
			developmentRegion = en;
			hasScannedForEncodings = 0;
			knownRegions = (
				en,
				Base,
			);
			mainGroup = 7EDD94732223FA3E0005B7B9;
			productRefGroup = 7EDD947D2223FA3E0005B7B9 /* Products */;
			projectDirPath = "";
			projectRoot = "";
			targets = (
				7EDD947B2223FA3E0005B7B9 /* MovieDBApiTask */,
			);
		};
/* End PBXProject section */

/* Begin PBXResourcesBuildPhase section */
		7EDD947A2223FA3E0005B7B9 /* Resources */ = {
			isa = PBXResourcesBuildPhase;
			buildActionMask = 2147483647;
			files = (
				7EDD948A2223FA3F0005B7B9 /* LaunchScreen.storyboard in Resources */,
				7EDD94872223FA3F0005B7B9 /* Assets.xcassets in Resources */,
				7EDD94852223FA3E0005B7B9 /* Main.storyboard in Resources */,
			);
			runOnlyForDeploymentPostprocessing = 0;
		};
/* End PBXResourcesBuildPhase section */

/* Begin PBXShellScriptBuildPhase section */
		34136009575B2030146BD2C4 /* [CP] Embed Pods Frameworks */ = {
			isa = PBXShellScriptBuildPhase;
			buildActionMask = 2147483647;
			files = (
			);
			inputPaths = (
				"${SRCROOT}/Pods/Target Support Files/Pods-MovieDBApiTask/Pods-MovieDBApiTask-frameworks.sh",
				"${BUILT_PRODUCTS_DIR}/Alamofire/Alamofire.framework",
				"${BUILT_PRODUCTS_DIR}/Kingfisher/Kingfisher.framework",
				"${BUILT_PRODUCTS_DIR}/ProgressHUD/ProgressHUD.framework",
			);
			name = "[CP] Embed Pods Frameworks";
			outputPaths = (
				"${TARGET_BUILD_DIR}/${FRAMEWORKS_FOLDER_PATH}/Alamofire.framework",
				"${TARGET_BUILD_DIR}/${FRAMEWORKS_FOLDER_PATH}/Kingfisher.framework",
				"${TARGET_BUILD_DIR}/${FRAMEWORKS_FOLDER_PATH}/ProgressHUD.framework",
			);
			runOnlyForDeploymentPostprocessing = 0;
			shellPath = /bin/sh;
			shellScript = "\"${SRCROOT}/Pods/Target Support Files/Pods-MovieDBApiTask/Pods-MovieDBApiTask-frameworks.sh\"\n";
			showEnvVarsInLog = 0;
		};
		5F0B961B45B43B3483C93FE4 /* [CP] Check Pods Manifest.lock */ = {
			isa = PBXShellScriptBuildPhase;
			buildActionMask = 2147483647;
			files = (
			);
			inputPaths = (
				"${PODS_PODFILE_DIR_PATH}/Podfile.lock",
				"${PODS_ROOT}/Manifest.lock",
			);
			name = "[CP] Check Pods Manifest.lock";
			outputPaths = (
				"$(DERIVED_FILE_DIR)/Pods-MovieDBApiTask-checkManifestLockResult.txt",
			);
			runOnlyForDeploymentPostprocessing = 0;
			shellPath = /bin/sh;
			shellScript = "diff \"${PODS_PODFILE_DIR_PATH}/Podfile.lock\" \"${PODS_ROOT}/Manifest.lock\" > /dev/null\nif [ $? != 0 ] ; then\n    # print error to STDERR\n    echo \"error: The sandbox is not in sync with the Podfile.lock. Run 'pod install' or update your CocoaPods installation.\" >&2\n    exit 1\nfi\n# This output is used by Xcode 'outputs' to avoid re-running this script phase.\necho \"SUCCESS\" > \"${SCRIPT_OUTPUT_FILE_0}\"\n";
			showEnvVarsInLog = 0;
		};
/* End PBXShellScriptBuildPhase section */

/* Begin PBXSourcesBuildPhase section */
		7EDD94782223FA3E0005B7B9 /* Sources */ = {
			isa = PBXSourcesBuildPhase;
			buildActionMask = 2147483647;
			files = (
				7E1670E12254A67600525ADE /* PopularVC.swift in Sources */,
				7E1670DB2254A64800525ADE /* UIView.swift in Sources */,
				7E1358112254F5830033FD46 /* PopularVC+TableView.swift in Sources */,
				7EDD94822223FA3E0005B7B9 /* ViewController.swift in Sources */,
				7E1670E32254A68100525ADE /* CellIDS.swift in Sources */,
				7EDD94802223FA3E0005B7B9 /* AppDelegate.swift in Sources */,
				7E1670DE2254A65C00525ADE /* ActorCell.swift in Sources */,
				7E13580F2254AC190033FD46 /* Movie.swift in Sources */,
				7E1670D62254A62B00525ADE /* Constants.swift in Sources */,
			);
			runOnlyForDeploymentPostprocessing = 0;
		};
/* End PBXSourcesBuildPhase section */

/* Begin PBXVariantGroup section */
		7EDD94832223FA3E0005B7B9 /* Main.storyboard */ = {
			isa = PBXVariantGroup;
			children = (
				7EDD94842223FA3E0005B7B9 /* Base */,
			);
			name = Main.storyboard;
			sourceTree = "<group>";
		};
		7EDD94882223FA3F0005B7B9 /* LaunchScreen.storyboard */ = {
			isa = PBXVariantGroup;
			children = (
				7EDD94892223FA3F0005B7B9 /* Base */,
			);
			name = LaunchScreen.storyboard;
			sourceTree = "<group>";
		};
/* End PBXVariantGroup section */

/* Begin XCBuildConfiguration section */
		7EDD948C2223FA3F0005B7B9 /* Debug */ = {
			isa = XCBuildConfiguration;
			buildSettings = {
				ALWAYS_SEARCH_USER_PATHS = NO;
				CLANG_ANALYZER_NONNULL = YES;
				CLANG_ANALYZER_NUMBER_OBJECT_CONVERSION = YES_AGGRESSIVE;
				CLANG_CXX_LANGUAGE_STANDARD = "gnu++14";
				CLANG_CXX_LIBRARY = "libc++";
				CLANG_ENABLE_MODULES = YES;
				CLANG_ENABLE_OBJC_ARC = YES;
				CLANG_ENABLE_OBJC_WEAK = YES;
				CLANG_WARN_BLOCK_CAPTURE_AUTORELEASING = YES;
				CLANG_WARN_BOOL_CONVERSION = YES;
				CLANG_WARN_COMMA = YES;
				CLANG_WARN_CONSTANT_CONVERSION = YES;
				CLANG_WARN_DEPRECATED_OBJC_IMPLEMENTATIONS = YES;
				CLANG_WARN_DIRECT_OBJC_ISA_USAGE = YES_ERROR;
				CLANG_WARN_DOCUMENTATION_COMMENTS = YES;
				CLANG_WARN_EMPTY_BODY = YES;
				CLANG_WARN_ENUM_CONVERSION = YES;
				CLANG_WARN_INFINITE_RECURSION = YES;
				CLANG_WARN_INT_CONVERSION = YES;
				CLANG_WARN_NON_LITERAL_NULL_CONVERSION = YES;
				CLANG_WARN_OBJC_IMPLICIT_RETAIN_SELF = YES;
				CLANG_WARN_OBJC_LITERAL_CONVERSION = YES;
				CLANG_WARN_OBJC_ROOT_CLASS = YES_ERROR;
				CLANG_WARN_RANGE_LOOP_ANALYSIS = YES;
				CLANG_WARN_STRICT_PROTOTYPES = YES;
				CLANG_WARN_SUSPICIOUS_MOVE = YES;
				CLANG_WARN_UNGUARDED_AVAILABILITY = YES_AGGRESSIVE;
				CLANG_WARN_UNREACHABLE_CODE = YES;
				CLANG_WARN__DUPLICATE_METHOD_MATCH = YES;
				CODE_SIGN_IDENTITY = "iPhone Developer";
				COPY_PHASE_STRIP = NO;
				DEBUG_INFORMATION_FORMAT = dwarf;
				ENABLE_STRICT_OBJC_MSGSEND = YES;
				ENABLE_TESTABILITY = YES;
				GCC_C_LANGUAGE_STANDARD = gnu11;
				GCC_DYNAMIC_NO_PIC = NO;
				GCC_NO_COMMON_BLOCKS = YES;
				GCC_OPTIMIZATION_LEVEL = 0;
				GCC_PREPROCESSOR_DEFINITIONS = (
					"DEBUG=1",
					"$(inherited)",
				);
				GCC_WARN_64_TO_32_BIT_CONVERSION = YES;
				GCC_WARN_ABOUT_RETURN_TYPE = YES_ERROR;
				GCC_WARN_UNDECLARED_SELECTOR = YES;
				GCC_WARN_UNINITIALIZED_AUTOS = YES_AGGRESSIVE;
				GCC_WARN_UNUSED_FUNCTION = YES;
				GCC_WARN_UNUSED_VARIABLE = YES;
				IPHONEOS_DEPLOYMENT_TARGET = 12.1;
				MTL_ENABLE_DEBUG_INFO = INCLUDE_SOURCE;
				MTL_FAST_MATH = YES;
				ONLY_ACTIVE_ARCH = YES;
				SDKROOT = iphoneos;
				SWIFT_ACTIVE_COMPILATION_CONDITIONS = DEBUG;
				SWIFT_OPTIMIZATION_LEVEL = "-Onone";
			};
			name = Debug;
		};
		7EDD948D2223FA3F0005B7B9 /* Release */ = {
			isa = XCBuildConfiguration;
			buildSettings = {
				ALWAYS_SEARCH_USER_PATHS = NO;
				CLANG_ANALYZER_NONNULL = YES;
				CLANG_ANALYZER_NUMBER_OBJECT_CONVERSION = YES_AGGRESSIVE;
				CLANG_CXX_LANGUAGE_STANDARD = "gnu++14";
				CLANG_CXX_LIBRARY = "libc++";
				CLANG_ENABLE_MODULES = YES;
				CLANG_ENABLE_OBJC_ARC = YES;
				CLANG_ENABLE_OBJC_WEAK = YES;
				CLANG_WARN_BLOCK_CAPTURE_AUTORELEASING = YES;
				CLANG_WARN_BOOL_CONVERSION = YES;
				CLANG_WARN_COMMA = YES;
				CLANG_WARN_CONSTANT_CONVERSION = YES;
				CLANG_WARN_DEPRECATED_OBJC_IMPLEMENTATIONS = YES;
				CLANG_WARN_DIRECT_OBJC_ISA_USAGE = YES_ERROR;
				CLANG_WARN_DOCUMENTATION_COMMENTS = YES;
				CLANG_WARN_EMPTY_BODY = YES;
				CLANG_WARN_ENUM_CONVERSION = YES;
				CLANG_WARN_INFINITE_RECURSION = YES;
				CLANG_WARN_INT_CONVERSION = YES;
				CLANG_WARN_NON_LITERAL_NULL_CONVERSION = YES;
				CLANG_WARN_OBJC_IMPLICIT_RETAIN_SELF = YES;
				CLANG_WARN_OBJC_LITERAL_CONVERSION = YES;
				CLANG_WARN_OBJC_ROOT_CLASS = YES_ERROR;
				CLANG_WARN_RANGE_LOOP_ANALYSIS = YES;
				CLANG_WARN_STRICT_PROTOTYPES = YES;
				CLANG_WARN_SUSPICIOUS_MOVE = YES;
				CLANG_WARN_UNGUARDED_AVAILABILITY = YES_AGGRESSIVE;
				CLANG_WARN_UNREACHABLE_CODE = YES;
				CLANG_WARN__DUPLICATE_METHOD_MATCH = YES;
				CODE_SIGN_IDENTITY = "iPhone Developer";
				COPY_PHASE_STRIP = NO;
				DEBUG_INFORMATION_FORMAT = "dwarf-with-dsym";
				ENABLE_NS_ASSERTIONS = NO;
				ENABLE_STRICT_OBJC_MSGSEND = YES;
				GCC_C_LANGUAGE_STANDARD = gnu11;
				GCC_NO_COMMON_BLOCKS = YES;
				GCC_WARN_64_TO_32_BIT_CONVERSION = YES;
				GCC_WARN_ABOUT_RETURN_TYPE = YES_ERROR;
				GCC_WARN_UNDECLARED_SELECTOR = YES;
				GCC_WARN_UNINITIALIZED_AUTOS = YES_AGGRESSIVE;
				GCC_WARN_UNUSED_FUNCTION = YES;
				GCC_WARN_UNUSED_VARIABLE = YES;
				IPHONEOS_DEPLOYMENT_TARGET = 12.1;
				MTL_ENABLE_DEBUG_INFO = NO;
				MTL_FAST_MATH = YES;
				SDKROOT = iphoneos;
				SWIFT_COMPILATION_MODE = wholemodule;
				SWIFT_OPTIMIZATION_LEVEL = "-O";
				VALIDATE_PRODUCT = YES;
			};
			name = Release;
		};
		7EDD948F2223FA3F0005B7B9 /* Debug */ = {
			isa = XCBuildConfiguration;
			baseConfigurationReference = FEEB551FF87682ABADDFAFC6 /* Pods-MovieDBApiTask.debug.xcconfig */;
			buildSettings = {
				ASSETCATALOG_COMPILER_APPICON_NAME = AppIcon;
				CODE_SIGN_STYLE = Automatic;
				DEVELOPMENT_TEAM = GUS473JQDG;
				INFOPLIST_FILE = "$(SRCROOT)/MovieDBAPITask/Info.plist";
				LD_RUNPATH_SEARCH_PATHS = (
					"$(inherited)",
					"@executable_path/Frameworks",
				);
				PRODUCT_BUNDLE_IDENTIFIER = com.sherifzekry.PayPalTest;
				PRODUCT_NAME = "$(TARGET_NAME)";
				SWIFT_VERSION = 4.2;
				TARGETED_DEVICE_FAMILY = "1,2";
			};
			name = Debug;
		};
		7EDD94902223FA3F0005B7B9 /* Release */ = {
			isa = XCBuildConfiguration;
			baseConfigurationReference = F6E07746C2B63797BF0DB907 /* Pods-MovieDBApiTask.release.xcconfig */;
			buildSettings = {
				ASSETCATALOG_COMPILER_APPICON_NAME = AppIcon;
				CODE_SIGN_STYLE = Automatic;
				DEVELOPMENT_TEAM = GUS473JQDG;
				INFOPLIST_FILE = "$(SRCROOT)/MovieDBAPITask/Info.plist";
				LD_RUNPATH_SEARCH_PATHS = (
					"$(inherited)",
					"@executable_path/Frameworks",
				);
				PRODUCT_BUNDLE_IDENTIFIER = com.sherifzekry.PayPalTest;
				PRODUCT_NAME = "$(TARGET_NAME)";
				SWIFT_VERSION = 4.2;
				TARGETED_DEVICE_FAMILY = "1,2";
			};
			name = Release;
		};
/* End XCBuildConfiguration section */

/* Begin XCConfigurationList section */
		7EDD94772223FA3E0005B7B9 /* Build configuration list for PBXProject "MovieDBApiTask" */ = {
			isa = XCConfigurationList;
			buildConfigurations = (
				7EDD948C2223FA3F0005B7B9 /* Debug */,
				7EDD948D2223FA3F0005B7B9 /* Release */,
			);
			defaultConfigurationIsVisible = 0;
			defaultConfigurationName = Release;
		};
		7EDD948E2223FA3F0005B7B9 /* Build configuration list for PBXNativeTarget "MovieDBApiTask" */ = {
			isa = XCConfigurationList;
			buildConfigurations = (
				7EDD948F2223FA3F0005B7B9 /* Debug */,
				7EDD94902223FA3F0005B7B9 /* Release */,
			);
			defaultConfigurationIsVisible = 0;
			defaultConfigurationName = Release;
		};
/* End XCConfigurationList section */
	};
	rootObject = 7EDD94742223FA3E0005B7B9 /* Project object */;
}
